
Microsoft Visual Studio Solution File, Format Version 11.00
# Visual Studio 2010
Project("{FAE04EC0-301F-11D3-BF4B-00C04F79EFBC}") = "ShiftWorld", "ShiftWorld\ShiftWorld\ShiftWorld.csproj", "{0F223A04-E516-47FF-B82C-C1959F096230}"
EndProject
Project("{96E2B04D-8817-42C6-938A-82C39BA4D311}") = "ShiftWorldContent", "ShiftWorld\ShiftWorldContent\ShiftWorldContent.contentproj", "{FF8A0D54-A39C-42AC-95D4-C810DA5350E9}"
EndProject
Global
	GlobalSection(SolutionConfigurationPlatforms) = preSolution
		Debug|x86 = Debug|x86
		Release|x86 = Release|x86
	EndGlobalSection
	GlobalSection(ProjectConfigurationPlatforms) = postSolution
		{0F223A04-E516-47FF-B82C-C1959F096230}.Debug|x86.ActiveCfg = Debug|x86
		{0F223A04-E516-47FF-B82C-C1959F096230}.Debug|x86.Build.0 = Debug|x86
		{0F223A04-E516-47FF-B82C-C1959F096230}.Release|x86.ActiveCfg = Release|x86
		{0F223A04-E516-47FF-B82C-C1959F096230}.Release|x86.Build.0 = Release|x86
		{FF8A0D54-A39C-42AC-95D4-C810DA5350E9}.Debug|x86.ActiveCfg = Debug|x86
		{FF8A0D54-A39C-42AC-95D4-C810DA5350E9}.Release|x86.ActiveCfg = Release|x86
	EndGlobalSection
	GlobalSection(SolutionProperties) = preSolution
		HideSolutionNode = FALSE
	EndGlobalSection
EndGlobal
